
Microsoft Visual Studio Solution File, Format Version 12.00
# Visual Studio Version 17
VisualStudioVersion = 17.13.35931.197 d17.13
MinimumVisualStudioVersion = 10.0.40219.1
Project("{FAE04EC0-301F-11D3-BF4B-00C04F79EFBC}") = "Algoritmos de Ordenação", "Algoritmos de Ordenação\Algoritmos de Ordenação.csproj", "{1E12A078-6CCD-4C2E-841E-278C2755E1AB}"
EndProject
Global
	GlobalSection(SolutionConfigurationPlatforms) = preSolution
		Debug|Any CPU = Debug|Any CPU
		Release|Any CPU = Release|Any CPU
	EndGlobalSection
	GlobalSection(ProjectConfigurationPlatforms) = postSolution
		{1E12A078-6CCD-4C2E-841E-278C2755E1AB}.Debug|Any CPU.ActiveCfg = Debug|Any CPU
		{1E12A078-6CCD-4C2E-841E-278C2755E1AB}.Debug|Any CPU.Build.0 = Debug|Any CPU
		{1E12A078-6CCD-4C2E-841E-278C2755E1AB}.Release|Any CPU.ActiveCfg = Release|Any CPU
		{1E12A078-6CCD-4C2E-841E-278C2755E1AB}.Release|Any CPU.Build.0 = Release|Any CPU
	EndGlobalSection
	GlobalSection(SolutionProperties) = preSolution
		HideSolutionNode = FALSE
	EndGlobalSection
	GlobalSection(ExtensibilityGlobals) = postSolution
		SolutionGuid = {0DBCD9B4-1939-41B7-9BE7-A5E64F9F7385}
	EndGlobalSection
EndGlobal
